// !$*UTF8*$!
{
	archiveVersion = 1;
	classes = {
	};
	objectVersion = 77;
	objects = {

/* Begin PBXContainerItemProxy section */
		DDFD82902DC6B09F00633BD9 /* PBXContainerItemProxy */ = {
			isa = PBXContainerItemProxy;
			containerPortal = DDFD82772DC6B09B00633BD9 /* Project object */;
			proxyType = 1;
			remoteGlobalIDString = DDFD827E2DC6B09B00633BD9;
			remoteInfo = githubcollaboration;
		};
		DDFD829A2DC6B09F00633BD9 /* PBXContainerItemProxy */ = {
			isa = PBXContainerItemProxy;
			containerPortal = DDFD82772DC6B09B00633BD9 /* Project object */;
			proxyType = 1;
			remoteGlobalIDString = DDFD827E2DC6B09B00633BD9;
			remoteInfo = githubcollaboration;
		};
/* End PBXContainerItemProxy section */

/* Begin PBXFileReference section */
		DDFD827F2DC6B09B00633BD9 /* githubcollaboration.app */ = {isa = PBXFileReference; explicitFileType = wrapper.application; includeInIndex = 0; path = githubcollaboration.app; sourceTree = BUILT_PRODUCTS_DIR; };
		DDFD828F2DC6B09F00633BD9 /* githubcollaborationTests.xctest */ = {isa = PBXFileReference; explicitFileType = wrapper.cfbundle; includeInIndex = 0; path = githubcollaborationTests.xctest; sourceTree = BUILT_PRODUCTS_DIR; };
		DDFD82992DC6B09F00633BD9 /* githubcollaborationUITests.xctest */ = {isa = PBXFileReference; explicitFileType = wrapper.cfbundle; includeInIndex = 0; path = githubcollaborationUITests.xctest; sourceTree = BUILT_PRODUCTS_DIR; };
/* End PBXFileReference section */

/* Begin PBXFileSystemSynchronizedRootGroup section */
		DDFD82812DC6B09B00633BD9 /* githubcollaboration */ = {
			isa = PBXFileSystemSynchronizedRootGroup;
			path = githubcollaboration;
			sourceTree = "<group>";
		};
		DDFD82922DC6B09F00633BD9 /* githubcollaborationTests */ = {
			isa = PBXFileSystemSynchronizedRootGroup;
			path = githubcollaborationTests;
			sourceTree = "<group>";
		};
		DDFD829C2DC6B09F00633BD9 /* githubcollaborationUITests */ = {
			isa = PBXFileSystemSynchronizedRootGroup;
			path = githubcollaborationUITests;
			sourceTree = "<group>";
		};
/* End PBXFileSystemSynchronizedRootGroup section */

/* Begin PBXFrameworksBuildPhase section */
		DDFD827C2DC6B09B00633BD9 /* Frameworks */ = {
			isa = PBXFrameworksBuildPhase;
			buildActionMask = 2147483647;
			files = (
			);
			runOnlyForDeploymentPostprocessing = 0;
		};
		DDFD828C2DC6B09F00633BD9 /* Frameworks */ = {
			isa = PBXFrameworksBuildPhase;
			buildActionMask = 2147483647;
			files = (
			);
			runOnlyForDeploymentPostprocessing = 0;
		};
		DDFD82962DC6B09F00633BD9 /* Frameworks */ = {
			isa = PBXFrameworksBuildPhase;
			buildActionMask = 2147483647;
			files = (
			);
			runOnlyForDeploymentPostprocessing = 0;
		};
/* End PBXFrameworksBuildPhase section */

/* Begin PBXGroup section */
		DDFD82762DC6B09B00633BD9 = {
			isa = PBXGroup;
			children = (
				DDFD82812DC6B09B00633BD9 /* githubcollaboration */,
				DDFD82922DC6B09F00633BD9 /* githubcollaborationTests */,
				DDFD829C2DC6B09F00633BD9 /* githubcollaborationUITests */,
				DDFD82802DC6B09B00633BD9 /* Products */,
			);
			sourceTree = "<group>";
		};
		DDFD82802DC6B09B00633BD9 /* Products */ = {
			isa = PBXGroup;
			children = (
				DDFD827F2DC6B09B00633BD9 /* githubcollaboration.app */,
				DDFD828F2DC6B09F00633BD9 /* githubcollaborationTests.xctest */,
				DDFD82992DC6B09F00633BD9 /* githubcollaborationUITests.xctest */,
			);
			name = Products;
			sourceTree = "<group>";
		};
/* End PBXGroup section */

/* Begin PBXNativeTarget section */
		DDFD827E2DC6B09B00633BD9 /* githubcollaboration */ = {
			isa = PBXNativeTarget;
			buildConfigurationList = DDFD82A32DC6B09F00633BD9 /* Build configuration list for PBXNativeTarget "githubcollaboration" */;
			buildPhases = (
				DDFD827B2DC6B09B00633BD9 /* Sources */,
				DDFD827C2DC6B09B00633BD9 /* Frameworks */,
				DDFD827D2DC6B09B00633BD9 /* Resources */,
			);
			buildRules = (
			);
			dependencies = (
			);
			fileSystemSynchronizedGroups = (
				DDFD82812DC6B09B00633BD9 /* githubcollaboration */,
			);
			name = githubcollaboration;
			packageProductDependencies = (
			);
			productName = githubcollaboration;
			productReference = DDFD827F2DC6B09B00633BD9 /* githubcollaboration.app */;
			productType = "com.apple.product-type.application";
		};
		DDFD828E2DC6B09F00633BD9 /* githubcollaborationTests */ = {
			isa = PBXNativeTarget;
			buildConfigurationList = DDFD82A62DC6B09F00633BD9 /* Build configuration list for PBXNativeTarget "githubcollaborationTests" */;
			buildPhases = (
				DDFD828B2DC6B09F00633BD9 /* Sources */,
				DDFD828C2DC6B09F00633BD9 /* Frameworks */,
				DDFD828D2DC6B09F00633BD9 /* Resources */,
			);
			buildRules = (
			);
			dependencies = (
				DDFD82912DC6B09F00633BD9 /* PBXTargetDependency */,
			);
			fileSystemSynchronizedGroups = (
				DDFD82922DC6B09F00633BD9 /* githubcollaborationTests */,
			);
			name = githubcollaborationTests;
			packageProductDependencies = (
			);
			productName = githubcollaborationTests;
			productReference = DDFD828F2DC6B09F00633BD9 /* githubcollaborationTests.xctest */;
			productType = "com.apple.product-type.bundle.unit-test";
		};
		DDFD82982DC6B09F00633BD9 /* githubcollaborationUITests */ = {
			isa = PBXNativeTarget;
			buildConfigurationList = DDFD82A92DC6B09F00633BD9 /* Build configuration list for PBXNativeTarget "githubcollaborationUITests" */;
			buildPhases = (
				DDFD82952DC6B09F00633BD9 /* Sources */,
				DDFD82962DC6B09F00633BD9 /* Frameworks */,
				DDFD82972DC6B09F00633BD9 /* Resources */,
			);
			buildRules = (
			);
			dependencies = (
				DDFD829B2DC6B09F00633BD9 /* PBXTargetDependency */,
			);
			fileSystemSynchronizedGroups = (
				DDFD829C2DC6B09F00633BD9 /* githubcollaborationUITests */,
			);
			name = githubcollaborationUITests;
			packageProductDependencies = (
			);
			productName = githubcollaborationUITests;
			productReference = DDFD82992DC6B09F00633BD9 /* githubcollaborationUITests.xctest */;
			productType = "com.apple.product-type.bundle.ui-testing";
		};
/* End PBXNativeTarget section */

/* Begin PBXProject section */
		DDFD82772DC6B09B00633BD9 /* Project object */ = {
			isa = PBXProject;
			attributes = {
				BuildIndependentTargetsInParallel = 1;
				LastSwiftUpdateCheck = 1620;
				LastUpgradeCheck = 1620;
				TargetAttributes = {
					DDFD827E2DC6B09B00633BD9 = {
						CreatedOnToolsVersion = 16.2;
					};
					DDFD828E2DC6B09F00633BD9 = {
						CreatedOnToolsVersion = 16.2;
						TestTargetID = DDFD827E2DC6B09B00633BD9;
					};
					DDFD82982DC6B09F00633BD9 = {
						CreatedOnToolsVersion = 16.2;
						TestTargetID = DDFD827E2DC6B09B00633BD9;
					};
				};
			};
			buildConfigurationList = DDFD827A2DC6B09B00633BD9 /* Build configuration list for PBXProject "githubcollaboration" */;
			developmentRegion = en;
			hasScannedForEncodings = 0;
			knownRegions = (
				en,
				Base,
			);
			mainGroup = DDFD82762DC6B09B00633BD9;
			minimizedProjectReferenceProxies = 1;
			preferredProjectObjectVersion = 77;
			productRefGroup = DDFD82802DC6B09B00633BD9 /* Products */;
			projectDirPath = "";
			projectRoot = "";
			targets = (
				DDFD827E2DC6B09B00633BD9 /* githubcollaboration */,
				DDFD828E2DC6B09F00633BD9 /* githubcollaborationTests */,
				DDFD82982DC6B09F00633BD9 /* githubcollaborationUITests */,
			);
		};
/* End PBXProject section */

/* Begin PBXResourcesBuildPhase section */
		DDFD827D2DC6B09B00633BD9 /* Resources */ = {
			isa = PBXResourcesBuildPhase;
			buildActionMask = 2147483647;
			files = (
			);
			runOnlyForDeploymentPostprocessing = 0;
		};
		DDFD828D2DC6B09F00633BD9 /* Resources */ = {
			isa = PBXResourcesBuildPhase;
			buildActionMask = 2147483647;
			files = (
			);
			runOnlyForDeploymentPostprocessing = 0;
		};
		DDFD82972DC6B09F00633BD9 /* Resources */ = {
			isa = PBXResourcesBuildPhase;
			buildActionMask = 2147483647;
			files = (
			);
			runOnlyForDeploymentPostprocessing = 0;
		};
/* End PBXResourcesBuildPhase section */

/* Begin PBXSourcesBuildPhase section */
		DDFD827B2DC6B09B00633BD9 /* Sources */ = {
			isa = PBXSourcesBuildPhase;
			buildActionMask = 2147483647;
			files = (
			);
			runOnlyForDeploymentPostprocessing = 0;
		};
		DDFD828B2DC6B09F00633BD9 /* Sources */ = {
			isa = PBXSourcesBuildPhase;
			buildActionMask = 2147483647;
			files = (
			);
			runOnlyForDeploymentPostprocessing = 0;
		};
		DDFD82952DC6B09F00633BD9 /* Sources */ = {
			isa = PBXSourcesBuildPhase;
			buildActionMask = 2147483647;
			files = (
			);
			runOnlyForDeploymentPostprocessing = 0;
		};
/* End PBXSourcesBuildPhase section */

/* Begin PBXTargetDependency section */
		DDFD82912DC6B09F00633BD9 /* PBXTargetDependency */ = {
			isa = PBXTargetDependency;
			target = DDFD827E2DC6B09B00633BD9 /* githubcollaboration */;
			targetProxy = DDFD82902DC6B09F00633BD9 /* PBXContainerItemProxy */;
		};
		DDFD829B2DC6B09F00633BD9 /* PBXTargetDependency */ = {
			isa = PBXTargetDependency;
			target = DDFD827E2DC6B09B00633BD9 /* githubcollaboration */;
			targetProxy = DDFD829A2DC6B09F00633BD9 /* PBXContainerItemProxy */;
		};
/* End PBXTargetDependency section */

/* Begin XCBuildConfiguration section */
		DDFD82A12DC6B09F00633BD9 /* Debug */ = {
			isa = XCBuildConfiguration;
			buildSettings = {
				ALWAYS_SEARCH_USER_PATHS = NO;
				ASSETCATALOG_COMPILER_GENERATE_SWIFT_ASSET_SYMBOL_EXTENSIONS = YES;
				CLANG_ANALYZER_NONNULL = YES;
				CLANG_ANALYZER_NUMBER_OBJECT_CONVERSION = YES_AGGRESSIVE;
				CLANG_CXX_LANGUAGE_STANDARD = "gnu++20";
				CLANG_ENABLE_MODULES = YES;
				CLANG_ENABLE_OBJC_ARC = YES;
				CLANG_ENABLE_OBJC_WEAK = YES;
				CLANG_WARN_BLOCK_CAPTURE_AUTORELEASING = YES;
				CLANG_WARN_BOOL_CONVERSION = YES;
				CLANG_WARN_COMMA = YES;
				CLANG_WARN_CONSTANT_CONVERSION = YES;
				CLANG_WARN_DEPRECATED_OBJC_IMPLEMENTATIONS = YES;
				CLANG_WARN_DIRECT_OBJC_ISA_USAGE = YES_ERROR;
				CLANG_WARN_DOCUMENTATION_COMMENTS = YES;
				CLANG_WARN_EMPTY_BODY = YES;
				CLANG_WARN_ENUM_CONVERSION = YES;
				CLANG_WARN_INFINITE_RECURSION = YES;
				CLANG_WARN_INT_CONVERSION = YES;
				CLANG_WARN_NON_LITERAL_NULL_CONVERSION = YES;
				CLANG_WARN_OBJC_IMPLICIT_RETAIN_SELF = YES;
				CLANG_WARN_OBJC_LITERAL_CONVERSION = YES;
				CLANG_WARN_OBJC_ROOT_CLASS = YES_ERROR;
				CLANG_WARN_QUOTED_INCLUDE_IN_FRAMEWORK_HEADER = YES;
				CLANG_WARN_RANGE_LOOP_ANALYSIS = YES;
				CLANG_WARN_STRICT_PROTOTYPES = YES;
				CLANG_WARN_SUSPICIOUS_MOVE = YES;
				CLANG_WARN_UNGUARDED_AVAILABILITY = YES_AGGRESSIVE;
				CLANG_WARN_UNREACHABLE_CODE = YES;
				CLANG_WARN__DUPLICATE_METHOD_MATCH = YES;
				COPY_PHASE_STRIP = NO;
				DEBUG_INFORMATION_FORMAT = dwarf;
				ENABLE_STRICT_OBJC_MSGSEND = YES;
				ENABLE_TESTABILITY = YES;
				ENABLE_USER_SCRIPT_SANDBOXING = YES;
				GCC_C_LANGUAGE_STANDARD = gnu17;
				GCC_DYNAMIC_NO_PIC = NO;
				GCC_NO_COMMON_BLOCKS = YES;
				GCC_OPTIMIZATION_LEVEL = 0;
				GCC_PREPROCESSOR_DEFINITIONS = (
					"DEBUG=1",
					"$(inherited)",
				);
				GCC_WARN_64_TO_32_BIT_CONVERSION = YES;
				GCC_WARN_ABOUT_RETURN_TYPE = YES_ERROR;
				GCC_WARN_UNDECLARED_SELECTOR = YES;
				GCC_WARN_UNINITIALIZED_AUTOS = YES_AGGRESSIVE;
				GCC_WARN_UNUSED_FUNCTION = YES;
				GCC_WARN_UNUSED_VARIABLE = YES;
				IPHONEOS_DEPLOYMENT_TARGET = 18.2;
				LOCALIZATION_PREFERS_STRING_CATALOGS = YES;
				MTL_ENABLE_DEBUG_INFO = INCLUDE_SOURCE;
				MTL_FAST_MATH = YES;
				ONLY_ACTIVE_ARCH = YES;
				SDKROOT = iphoneos;
				SWIFT_ACTIVE_COMPILATION_CONDITIONS = "DEBUG $(inherited)";
				SWIFT_OPTIMIZATION_LEVEL = "-Onone";
			};
			name = Debug;
		};
		DDFD82A22DC6B09F00633BD9 /* Release */ = {
			isa = XCBuildConfiguration;
			buildSettings = {
				ALWAYS_SEARCH_USER_PATHS = NO;
				ASSETCATALOG_COMPILER_GENERATE_SWIFT_ASSET_SYMBOL_EXTENSIONS = YES;
				CLANG_ANALYZER_NONNULL = YES;
				CLANG_ANALYZER_NUMBER_OBJECT_CONVERSION = YES_AGGRESSIVE;
				CLANG_CXX_LANGUAGE_STANDARD = "gnu++20";
				CLANG_ENABLE_MODULES = YES;
				CLANG_ENABLE_OBJC_ARC = YES;
				CLANG_ENABLE_OBJC_WEAK = YES;
				CLANG_WARN_BLOCK_CAPTURE_AUTORELEASING = YES;
				CLANG_WARN_BOOL_CONVERSION = YES;
				CLANG_WARN_COMMA = YES;
				CLANG_WARN_CONSTANT_CONVERSION = YES;
				CLANG_WARN_DEPRECATED_OBJC_IMPLEMENTATIONS = YES;
				CLANG_WARN_DIRECT_OBJC_ISA_USAGE = YES_ERROR;
				CLANG_WARN_DOCUMENTATION_COMMENTS = YES;
				CLANG_WARN_EMPTY_BODY = YES;
				CLANG_WARN_ENUM_CONVERSION = YES;
				CLANG_WARN_INFINITE_RECURSION = YES;
				CLANG_WARN_INT_CONVERSION = YES;
				CLANG_WARN_NON_LITERAL_NULL_CONVERSION = YES;
				CLANG_WARN_OBJC_IMPLICIT_RETAIN_SELF = YES;
				CLANG_WARN_OBJC_LITERAL_CONVERSION = YES;
				CLANG_WARN_OBJC_ROOT_CLASS = YES_ERROR;
				CLANG_WARN_QUOTED_INCLUDE_IN_FRAMEWORK_HEADER = YES;
				CLANG_WARN_RANGE_LOOP_ANALYSIS = YES;
				CLANG_WARN_STRICT_PROTOTYPES = YES;
				CLANG_WARN_SUSPICIOUS_MOVE = YES;
				CLANG_WARN_UNGUARDED_AVAILABILITY = YES_AGGRESSIVE;
				CLANG_WARN_UNREACHABLE_CODE = YES;
				CLANG_WARN__DUPLICATE_METHOD_MATCH = YES;
				COPY_PHASE_STRIP = NO;
				DEBUG_INFORMATION_FORMAT = "dwarf-with-dsym";
				ENABLE_NS_ASSERTIONS = NO;
				ENABLE_STRICT_OBJC_MSGSEND = YES;
				ENABLE_USER_SCRIPT_SANDBOXING = YES;
				GCC_C_LANGUAGE_STANDARD = gnu17;
				GCC_NO_COMMON_BLOCKS = YES;
				GCC_WARN_64_TO_32_BIT_CONVERSION = YES;
				GCC_WARN_ABOUT_RETURN_TYPE = YES_ERROR;
				GCC_WARN_UNDECLARED_SELECTOR = YES;
				GCC_WARN_UNINITIALIZED_AUTOS = YES_AGGRESSIVE;
				GCC_WARN_UNUSED_FUNCTION = YES;
				GCC_WARN_UNUSED_VARIABLE = YES;
				IPHONEOS_DEPLOYMENT_TARGET = 18.2;
				LOCALIZATION_PREFERS_STRING_CATALOGS = YES;
				MTL_ENABLE_DEBUG_INFO = NO;
				MTL_FAST_MATH = YES;
				SDKROOT = iphoneos;
				SWIFT_COMPILATION_MODE = wholemodule;
				VALIDATE_PRODUCT = YES;
			};
			name = Release;
		};
		DDFD82A42DC6B09F00633BD9 /* Debug */ = {
			isa = XCBuildConfiguration;
			buildSettings = {
				ASSETCATALOG_COMPILER_APPICON_NAME = AppIcon;
				ASSETCATALOG_COMPILER_GLOBAL_ACCENT_COLOR_NAME = AccentColor;
				CODE_SIGN_STYLE = Automatic;
				CURRENT_PROJECT_VERSION = 1;
				DEVELOPMENT_ASSET_PATHS = "\"githubcollaboration/Preview Content\"";
				ENABLE_PREVIEWS = YES;
				GENERATE_INFOPLIST_FILE = YES;
				INFOPLIST_KEY_UIApplicationSceneManifest_Generation = YES;
				INFOPLIST_KEY_UIApplicationSupportsIndirectInputEvents = YES;
				INFOPLIST_KEY_UILaunchScreen_Generation = YES;
				INFOPLIST_KEY_UISupportedInterfaceOrientations_iPad = "UIInterfaceOrientationPortrait UIInterfaceOrientationPortraitUpsideDown UIInterfaceOrientationLandscapeLeft UIInterfaceOrientationLandscapeRight";
				INFOPLIST_KEY_UISupportedInterfaceOrientations_iPhone = "UIInterfaceOrientationPortrait UIInterfaceOrientationLandscapeLeft UIInterfaceOrientationLandscapeRight";
				LD_RUNPATH_SEARCH_PATHS = (
					"$(inherited)",
					"@executable_path/Frameworks",
				);
				MARKETING_VERSION = 1.0;
				PRODUCT_BUNDLE_IDENTIFIER = kwk.githubcollaboration;
				PRODUCT_NAME = "$(TARGET_NAME)";
				SWIFT_EMIT_LOC_STRINGS = YES;
				SWIFT_VERSION = 5.0;
				TARGETED_DEVICE_FAMILY = "1,2";
			};
			name = Debug;
		};
		DDFD82A52DC6B09F00633BD9 /* Release */ = {
			isa = XCBuildConfiguration;
			buildSettings = {
				ASSETCATALOG_COMPILER_APPICON_NAME = AppIcon;
				ASSETCATALOG_COMPILER_GLOBAL_ACCENT_COLOR_NAME = AccentColor;
				CODE_SIGN_STYLE = Automatic;
				CURRENT_PROJECT_VERSION = 1;
				DEVELOPMENT_ASSET_PATHS = "\"githubcollaboration/Preview Content\"";
				ENABLE_PREVIEWS = YES;
				GENERATE_INFOPLIST_FILE = YES;
				INFOPLIST_KEY_UIApplicationSceneManifest_Generation = YES;
				INFOPLIST_KEY_UIApplicationSupportsIndirectInputEvents = YES;
				INFOPLIST_KEY_UILaunchScreen_Generation = YES;
				INFOPLIST_KEY_UISupportedInterfaceOrientations_iPad = "UIInterfaceOrientationPortrait UIInterfaceOrientationPortraitUpsideDown UIInterfaceOrientationLandscapeLeft UIInterfaceOrientationLandscapeRight";
				INFOPLIST_KEY_UISupportedInterfaceOrientations_iPhone = "UIInterfaceOrientationPortrait UIInterfaceOrientationLandscapeLeft UIInterfaceOrientationLandscapeRight";
				LD_RUNPATH_SEARCH_PATHS = (
					"$(inherited)",
					"@executable_path/Frameworks",
				);
				MARKETING_VERSION = 1.0;
				PRODUCT_BUNDLE_IDENTIFIER = kwk.githubcollaboration;
				PRODUCT_NAME = "$(TARGET_NAME)";
				SWIFT_EMIT_LOC_STRINGS = YES;
				SWIFT_VERSION = 5.0;
				TARGETED_DEVICE_FAMILY = "1,2";
			};
			name = Release;
		};
		DDFD82A72DC6B09F00633BD9 /* Debug */ = {
			isa = XCBuildConfiguration;
			buildSettings = {
				BUNDLE_LOADER = "$(TEST_HOST)";
				CODE_SIGN_STYLE = Automatic;
				CURRENT_PROJECT_VERSION = 1;
				GENERATE_INFOPLIST_FILE = YES;
				IPHONEOS_DEPLOYMENT_TARGET = 18.2;
				MARKETING_VERSION = 1.0;
				PRODUCT_BUNDLE_IDENTIFIER = kwk.githubcollaborationTests;
				PRODUCT_NAME = "$(TARGET_NAME)";
				SWIFT_EMIT_LOC_STRINGS = NO;
				SWIFT_VERSION = 5.0;
				TARGETED_DEVICE_FAMILY = "1,2";
				TEST_HOST = "$(BUILT_PRODUCTS_DIR)/githubcollaboration.app/$(BUNDLE_EXECUTABLE_FOLDER_PATH)/githubcollaboration";
			};
			name = Debug;
		};
		DDFD82A82DC6B09F00633BD9 /* Release */ = {
			isa = XCBuildConfiguration;
			buildSettings = {
				BUNDLE_LOADER = "$(TEST_HOST)";
				CODE_SIGN_STYLE = Automatic;
				CURRENT_PROJECT_VERSION = 1;
				GENERATE_INFOPLIST_FILE = YES;
				IPHONEOS_DEPLOYMENT_TARGET = 18.2;
				MARKETING_VERSION = 1.0;
				PRODUCT_BUNDLE_IDENTIFIER = kwk.githubcollaborationTests;
				PRODUCT_NAME = "$(TARGET_NAME)";
				SWIFT_EMIT_LOC_STRINGS = NO;
				SWIFT_VERSION = 5.0;
				TARGETED_DEVICE_FAMILY = "1,2";
				TEST_HOST = "$(BUILT_PRODUCTS_DIR)/githubcollaboration.app/$(BUNDLE_EXECUTABLE_FOLDER_PATH)/githubcollaboration";
			};
			name = Release;
		};
		DDFD82AA2DC6B09F00633BD9 /* Debug */ = {
			isa = XCBuildConfiguration;
			buildSettings = {
				CODE_SIGN_STYLE = Automatic;
				CURRENT_PROJECT_VERSION = 1;
				GENERATE_INFOPLIST_FILE = YES;
				MARKETING_VERSION = 1.0;
				PRODUCT_BUNDLE_IDENTIFIER = kwk.githubcollaborationUITests;
				PRODUCT_NAME = "$(TARGET_NAME)";
				SWIFT_EMIT_LOC_STRINGS = NO;
				SWIFT_VERSION = 5.0;
				TARGETED_DEVICE_FAMILY = "1,2";
				TEST_TARGET_NAME = githubcollaboration;
			};
			name = Debug;
		};
		DDFD82AB2DC6B09F00633BD9 /* Release */ = {
			isa = XCBuildConfiguration;
			buildSettings = {
				CODE_SIGN_STYLE = Automatic;
				CURRENT_PROJECT_VERSION = 1;
				GENERATE_INFOPLIST_FILE = YES;
				MARKETING_VERSION = 1.0;
				PRODUCT_BUNDLE_IDENTIFIER = kwk.githubcollaborationUITests;
				PRODUCT_NAME = "$(TARGET_NAME)";
				SWIFT_EMIT_LOC_STRINGS = NO;
				SWIFT_VERSION = 5.0;
				TARGETED_DEVICE_FAMILY = "1,2";
				TEST_TARGET_NAME = githubcollaboration;
			};
			name = Release;
		};
/* End XCBuildConfiguration section */

/* Begin XCConfigurationList section */
		DDFD827A2DC6B09B00633BD9 /* Build configuration list for PBXProject "githubcollaboration" */ = {
			isa = XCConfigurationList;
			buildConfigurations = (
				DDFD82A12DC6B09F00633BD9 /* Debug */,
				DDFD82A22DC6B09F00633BD9 /* Release */,
			);
			defaultConfigurationIsVisible = 0;
			defaultConfigurationName = Release;
		};
		DDFD82A32DC6B09F00633BD9 /* Build configuration list for PBXNativeTarget "githubcollaboration" */ = {
			isa = XCConfigurationList;
			buildConfigurations = (
				DDFD82A42DC6B09F00633BD9 /* Debug */,
				DDFD82A52DC6B09F00633BD9 /* Release */,
			);
			defaultConfigurationIsVisible = 0;
			defaultConfigurationName = Release;
		};
		DDFD82A62DC6B09F00633BD9 /* Build configuration list for PBXNativeTarget "githubcollaborationTests" */ = {
			isa = XCConfigurationList;
			buildConfigurations = (
				DDFD82A72DC6B09F00633BD9 /* Debug */,
				DDFD82A82DC6B09F00633BD9 /* Release */,
			);
			defaultConfigurationIsVisible = 0;
			defaultConfigurationName = Release;
		};
		DDFD82A92DC6B09F00633BD9 /* Build configuration list for PBXNativeTarget "githubcollaborationUITests" */ = {
			isa = XCConfigurationList;
			buildConfigurations = (
				DDFD82AA2DC6B09F00633BD9 /* Debug */,
				DDFD82AB2DC6B09F00633BD9 /* Release */,
			);
			defaultConfigurationIsVisible = 0;
			defaultConfigurationName = Release;
		};
/* End XCConfigurationList section */
	};
	rootObject = DDFD82772DC6B09B00633BD9 /* Project object */;
}
